// !$*UTF8*$!
{
	archiveVersion = 1;
	classes = {
	};
	objectVersion = 56;
	objects = {

/* Begin PBXBuildFile section */
		26699DDC2A23059200E5E7B4 /* TableViewCell.swift in Sources */ = {isa = PBXBuildFile; fileRef = 26699DDB2A23059200E5E7B4 /* TableViewCell.swift */; };
		26699DDE2A23118300E5E7B4 /* TableViewCell.xib in Resources */ = {isa = PBXBuildFile; fileRef = 26699DDD2A23118300E5E7B4 /* TableViewCell.xib */; };
		26699DE12A2321EB00E5E7B4 /* LazyImageView.swift in Sources */ = {isa = PBXBuildFile; fileRef = 26699DE02A2321EB00E5E7B4 /* LazyImageView.swift */; };
		26725A722A2255D30087E918 /* AppDelegate.swift in Sources */ = {isa = PBXBuildFile; fileRef = 26725A712A2255D30087E918 /* AppDelegate.swift */; };
		26725A742A2255D30087E918 /* SceneDelegate.swift in Sources */ = {isa = PBXBuildFile; fileRef = 26725A732A2255D30087E918 /* SceneDelegate.swift */; };
		26725A762A2255D30087E918 /* ViewController.swift in Sources */ = {isa = PBXBuildFile; fileRef = 26725A752A2255D30087E918 /* ViewController.swift */; };
		26725A792A2255D30087E918 /* Main.storyboard in Resources */ = {isa = PBXBuildFile; fileRef = 26725A772A2255D30087E918 /* Main.storyboard */; };
		26725A7C2A2255D30087E918 /* PhotosApp.xcdatamodeld in Sources */ = {isa = PBXBuildFile; fileRef = 26725A7A2A2255D30087E918 /* PhotosApp.xcdatamodeld */; };
		26725A7E2A2255D40087E918 /* Assets.xcassets in Resources */ = {isa = PBXBuildFile; fileRef = 26725A7D2A2255D40087E918 /* Assets.xcassets */; };
		26725A812A2255D40087E918 /* LaunchScreen.storyboard in Resources */ = {isa = PBXBuildFile; fileRef = 26725A7F2A2255D40087E918 /* LaunchScreen.storyboard */; };
		26725A8C2A2255D50087E918 /* PhotosAppTests.swift in Sources */ = {isa = PBXBuildFile; fileRef = 26725A8B2A2255D50087E918 /* PhotosAppTests.swift */; };
		26725A962A2255D50087E918 /* PhotosAppUITests.swift in Sources */ = {isa = PBXBuildFile; fileRef = 26725A952A2255D50087E918 /* PhotosAppUITests.swift */; };
		26725A982A2255D50087E918 /* PhotosAppUITestsLaunchTests.swift in Sources */ = {isa = PBXBuildFile; fileRef = 26725A972A2255D50087E918 /* PhotosAppUITestsLaunchTests.swift */; };
		26725AAC2A2264EC0087E918 /* TableViewController.swift in Sources */ = {isa = PBXBuildFile; fileRef = 26725AAB2A2264EC0087E918 /* TableViewController.swift */; };
		26725AB22A227EB10087E918 /* ImageDetails.swift in Sources */ = {isa = PBXBuildFile; fileRef = 26725AB12A227EB10087E918 /* ImageDetails.swift */; };
		26725ABA2A2297790087E918 /* TableViewModel.swift in Sources */ = {isa = PBXBuildFile; fileRef = 26725AB92A2297790087E918 /* TableViewModel.swift */; };
/* End PBXBuildFile section */

/* Begin PBXContainerItemProxy section */
		26725A882A2255D50087E918 /* PBXContainerItemProxy */ = {
			isa = PBXContainerItemProxy;
			containerPortal = 26725A662A2255D30087E918 /* Project object */;
			proxyType = 1;
			remoteGlobalIDString = 26725A6D2A2255D30087E918;
			remoteInfo = PhotosApp;
		};
		26725A922A2255D50087E918 /* PBXContainerItemProxy */ = {
			isa = PBXContainerItemProxy;
			containerPortal = 26725A662A2255D30087E918 /* Project object */;
			proxyType = 1;
			remoteGlobalIDString = 26725A6D2A2255D30087E918;
			remoteInfo = PhotosApp;
		};
/* End PBXContainerItemProxy section */

/* Begin PBXFileReference section */
		26699DDB2A23059200E5E7B4 /* TableViewCell.swift */ = {isa = PBXFileReference; lastKnownFileType = sourcecode.swift; path = TableViewCell.swift; sourceTree = "<group>"; };
		26699DDD2A23118300E5E7B4 /* TableViewCell.xib */ = {isa = PBXFileReference; lastKnownFileType = file.xib; path = TableViewCell.xib; sourceTree = "<group>"; };
		26699DE02A2321EB00E5E7B4 /* LazyImageView.swift */ = {isa = PBXFileReference; lastKnownFileType = sourcecode.swift; path = LazyImageView.swift; sourceTree = "<group>"; };
		26725A6E2A2255D30087E918 /* PhotosApp.app */ = {isa = PBXFileReference; explicitFileType = wrapper.application; includeInIndex = 0; path = PhotosApp.app; sourceTree = BUILT_PRODUCTS_DIR; };
		26725A712A2255D30087E918 /* AppDelegate.swift */ = {isa = PBXFileReference; lastKnownFileType = sourcecode.swift; path = AppDelegate.swift; sourceTree = "<group>"; };
		26725A732A2255D30087E918 /* SceneDelegate.swift */ = {isa = PBXFileReference; lastKnownFileType = sourcecode.swift; path = SceneDelegate.swift; sourceTree = "<group>"; };
		26725A752A2255D30087E918 /* ViewController.swift */ = {isa = PBXFileReference; lastKnownFileType = sourcecode.swift; path = ViewController.swift; sourceTree = "<group>"; };
		26725A782A2255D30087E918 /* Base */ = {isa = PBXFileReference; lastKnownFileType = file.storyboard; name = Base; path = Base.lproj/Main.storyboard; sourceTree = "<group>"; };
		26725A7B2A2255D30087E918 /* PhotosApp.xcdatamodel */ = {isa = PBXFileReference; lastKnownFileType = wrapper.xcdatamodel; path = PhotosApp.xcdatamodel; sourceTree = "<group>"; };
		26725A7D2A2255D40087E918 /* Assets.xcassets */ = {isa = PBXFileReference; lastKnownFileType = folder.assetcatalog; path = Assets.xcassets; sourceTree = "<group>"; };
		26725A802A2255D40087E918 /* Base */ = {isa = PBXFileReference; lastKnownFileType = file.storyboard; name = Base; path = Base.lproj/LaunchScreen.storyboard; sourceTree = "<group>"; };
		26725A822A2255D40087E918 /* Info.plist */ = {isa = PBXFileReference; lastKnownFileType = text.plist.xml; path = Info.plist; sourceTree = "<group>"; };
		26725A872A2255D50087E918 /* PhotosAppTests.xctest */ = {isa = PBXFileReference; explicitFileType = wrapper.cfbundle; includeInIndex = 0; path = PhotosAppTests.xctest; sourceTree = BUILT_PRODUCTS_DIR; };
		26725A8B2A2255D50087E918 /* PhotosAppTests.swift */ = {isa = PBXFileReference; lastKnownFileType = sourcecode.swift; path = PhotosAppTests.swift; sourceTree = "<group>"; };
		26725A912A2255D50087E918 /* PhotosAppUITests.xctest */ = {isa = PBXFileReference; explicitFileType = wrapper.cfbundle; includeInIndex = 0; path = PhotosAppUITests.xctest; sourceTree = BUILT_PRODUCTS_DIR; };
		26725A952A2255D50087E918 /* PhotosAppUITests.swift */ = {isa = PBXFileReference; lastKnownFileType = sourcecode.swift; path = PhotosAppUITests.swift; sourceTree = "<group>"; };
		26725A972A2255D50087E918 /* PhotosAppUITestsLaunchTests.swift */ = {isa = PBXFileReference; lastKnownFileType = sourcecode.swift; path = PhotosAppUITestsLaunchTests.swift; sourceTree = "<group>"; };
		26725AAB2A2264EC0087E918 /* TableViewController.swift */ = {isa = PBXFileReference; lastKnownFileType = sourcecode.swift; name = TableViewController.swift; path = "../../../../../Library/Mobile Documents/com~apple~CloudDocs/.Trash/PhotosApp/PhotosApp/View Controller/TableViewController.swift"; sourceTree = "<group>"; };
		26725AB12A227EB10087E918 /* ImageDetails.swift */ = {isa = PBXFileReference; lastKnownFileType = sourcecode.swift; path = ImageDetails.swift; sourceTree = "<group>"; };
		26725AB92A2297790087E918 /* TableViewModel.swift */ = {isa = PBXFileReference; fileEncoding = 4; lastKnownFileType = sourcecode.swift; path = TableViewModel.swift; sourceTree = "<group>"; };
/* End PBXFileReference section */

/* Begin PBXFrameworksBuildPhase section */
		26725A6B2A2255D30087E918 /* Frameworks */ = {
			isa = PBXFrameworksBuildPhase;
			buildActionMask = 2147483647;
			files = (
			);
			runOnlyForDeploymentPostprocessing = 0;
		};
		26725A842A2255D50087E918 /* Frameworks */ = {
			isa = PBXFrameworksBuildPhase;
			buildActionMask = 2147483647;
			files = (
			);
			runOnlyForDeploymentPostprocessing = 0;
		};
		26725A8E2A2255D50087E918 /* Frameworks */ = {
			isa = PBXFrameworksBuildPhase;
			buildActionMask = 2147483647;
			files = (
			);
			runOnlyForDeploymentPostprocessing = 0;
		};
/* End PBXFrameworksBuildPhase section */

/* Begin PBXGroup section */
		26699DDA2A23055D00E5E7B4 /* Table View Cell */ = {
			isa = PBXGroup;
			children = (
				26699DDB2A23059200E5E7B4 /* TableViewCell.swift */,
				26699DDD2A23118300E5E7B4 /* TableViewCell.xib */,
			);
			path = "Table View Cell";
			sourceTree = "<group>";
		};
		26699DDF2A23218E00E5E7B4 /* Custom UI Component */ = {
			isa = PBXGroup;
			children = (
				26699DE02A2321EB00E5E7B4 /* LazyImageView.swift */,
			);
			path = "Custom UI Component";
			sourceTree = "<group>";
		};
		26725A652A2255D30087E918 = {
			isa = PBXGroup;
			children = (
				26725A702A2255D30087E918 /* PhotosApp */,
				26725A8A2A2255D50087E918 /* PhotosAppTests */,
				26725A942A2255D50087E918 /* PhotosAppUITests */,
				26725A6F2A2255D30087E918 /* Products */,
			);
			sourceTree = "<group>";
		};
		26725A6F2A2255D30087E918 /* Products */ = {
			isa = PBXGroup;
			children = (
				26725A6E2A2255D30087E918 /* PhotosApp.app */,
				26725A872A2255D50087E918 /* PhotosAppTests.xctest */,
				26725A912A2255D50087E918 /* PhotosAppUITests.xctest */,
			);
			name = Products;
			sourceTree = "<group>";
		};
		26725A702A2255D30087E918 /* PhotosApp */ = {
			isa = PBXGroup;
			children = (
				26725AAA2A22648B0087E918 /* View Controller */,
				26699DDA2A23055D00E5E7B4 /* Table View Cell */,
				26725AAD2A227DF70087E918 /* View Model */,
				26699DDF2A23218E00E5E7B4 /* Custom UI Component */,
				26725AB02A227E7B0087E918 /* Model */,
				26725A712A2255D30087E918 /* AppDelegate.swift */,
				26725A732A2255D30087E918 /* SceneDelegate.swift */,
				26725A772A2255D30087E918 /* Main.storyboard */,
				26725A7D2A2255D40087E918 /* Assets.xcassets */,
				26725A7F2A2255D40087E918 /* LaunchScreen.storyboard */,
				26725A822A2255D40087E918 /* Info.plist */,
				26725A7A2A2255D30087E918 /* PhotosApp.xcdatamodeld */,
			);
			path = PhotosApp;
			sourceTree = "<group>";
		};
		26725A8A2A2255D50087E918 /* PhotosAppTests */ = {
			isa = PBXGroup;
			children = (
				26725A8B2A2255D50087E918 /* PhotosAppTests.swift */,
			);
			path = PhotosAppTests;
			sourceTree = "<group>";
		};
		26725A942A2255D50087E918 /* PhotosAppUITests */ = {
			isa = PBXGroup;
			children = (
				26725A952A2255D50087E918 /* PhotosAppUITests.swift */,
				26725A972A2255D50087E918 /* PhotosAppUITestsLaunchTests.swift */,
			);
			path = PhotosAppUITests;
			sourceTree = "<group>";
		};
		26725AAA2A22648B0087E918 /* View Controller */ = {
			isa = PBXGroup;
			children = (
				26725A752A2255D30087E918 /* ViewController.swift */,
				26725AAB2A2264EC0087E918 /* TableViewController.swift */,
			);
			path = "View Controller";
			sourceTree = "<group>";
		};
		26725AAD2A227DF70087E918 /* View Model */ = {
			isa = PBXGroup;
			children = (
				26725AB92A2297790087E918 /* TableViewModel.swift */,
			);
			path = "View Model";
			sourceTree = "<group>";
		};
		26725AB02A227E7B0087E918 /* Model */ = {
			isa = PBXGroup;
			children = (
				26725AB12A227EB10087E918 /* ImageDetails.swift */,
			);
			path = Model;
			sourceTree = "<group>";
		};
/* End PBXGroup section */

/* Begin PBXNativeTarget section */
		26725A6D2A2255D30087E918 /* PhotosApp */ = {
			isa = PBXNativeTarget;
			buildConfigurationList = 26725A9B2A2255D50087E918 /* Build configuration list for PBXNativeTarget "PhotosApp" */;
			buildPhases = (
				26725A6A2A2255D30087E918 /* Sources */,
				26725A6B2A2255D30087E918 /* Frameworks */,
				26725A6C2A2255D30087E918 /* Resources */,
			);
			buildRules = (
			);
			dependencies = (
			);
			name = PhotosApp;
			packageProductDependencies = (
			);
			productName = PhotosApp;
			productReference = 26725A6E2A2255D30087E918 /* PhotosApp.app */;
			productType = "com.apple.product-type.application";
		};
		26725A862A2255D50087E918 /* PhotosAppTests */ = {
			isa = PBXNativeTarget;
			buildConfigurationList = 26725A9E2A2255D50087E918 /* Build configuration list for PBXNativeTarget "PhotosAppTests" */;
			buildPhases = (
				26725A832A2255D50087E918 /* Sources */,
				26725A842A2255D50087E918 /* Frameworks */,
				26725A852A2255D50087E918 /* Resources */,
			);
			buildRules = (
			);
			dependencies = (
				26725A892A2255D50087E918 /* PBXTargetDependency */,
			);
			name = PhotosAppTests;
			productName = PhotosAppTests;
			productReference = 26725A872A2255D50087E918 /* PhotosAppTests.xctest */;
			productType = "com.apple.product-type.bundle.unit-test";
		};
		26725A902A2255D50087E918 /* PhotosAppUITests */ = {
			isa = PBXNativeTarget;
			buildConfigurationList = 26725AA12A2255D50087E918 /* Build configuration list for PBXNativeTarget "PhotosAppUITests" */;
			buildPhases = (
				26725A8D2A2255D50087E918 /* Sources */,
				26725A8E2A2255D50087E918 /* Frameworks */,
				26725A8F2A2255D50087E918 /* Resources */,
			);
			buildRules = (
			);
			dependencies = (
				26725A932A2255D50087E918 /* PBXTargetDependency */,
			);
			name = PhotosAppUITests;
			productName = PhotosAppUITests;
			productReference = 26725A912A2255D50087E918 /* PhotosAppUITests.xctest */;
			productType = "com.apple.product-type.bundle.ui-testing";
		};
/* End PBXNativeTarget section */

/* Begin PBXProject section */
		26725A662A2255D30087E918 /* Project object */ = {
			isa = PBXProject;
			attributes = {
				BuildIndependentTargetsInParallel = 1;
				LastSwiftUpdateCheck = 1430;
				LastUpgradeCheck = 1430;
				TargetAttributes = {
					26725A6D2A2255D30087E918 = {
						CreatedOnToolsVersion = 14.3;
					};
					26725A862A2255D50087E918 = {
						CreatedOnToolsVersion = 14.3;
						TestTargetID = 26725A6D2A2255D30087E918;
					};
					26725A902A2255D50087E918 = {
						CreatedOnToolsVersion = 14.3;
						TestTargetID = 26725A6D2A2255D30087E918;
					};
				};
			};
			buildConfigurationList = 26725A692A2255D30087E918 /* Build configuration list for PBXProject "PhotosApp" */;
			compatibilityVersion = "Xcode 14.0";
			developmentRegion = en;
			hasScannedForEncodings = 0;
			knownRegions = (
				en,
				Base,
			);
			mainGroup = 26725A652A2255D30087E918;
			packageReferences = (
			);
			productRefGroup = 26725A6F2A2255D30087E918 /* Products */;
			projectDirPath = "";
			projectRoot = "";
			targets = (
				26725A6D2A2255D30087E918 /* PhotosApp */,
				26725A862A2255D50087E918 /* PhotosAppTests */,
				26725A902A2255D50087E918 /* PhotosAppUITests */,
			);
		};
/* End PBXProject section */

/* Begin PBXResourcesBuildPhase section */
		26725A6C2A2255D30087E918 /* Resources */ = {
			isa = PBXResourcesBuildPhase;
			buildActionMask = 2147483647;
			files = (
				26725A812A2255D40087E918 /* LaunchScreen.storyboard in Resources */,
				26699DDE2A23118300E5E7B4 /* TableViewCell.xib in Resources */,
				26725A7E2A2255D40087E918 /* Assets.xcassets in Resources */,
				26725A792A2255D30087E918 /* Main.storyboard in Resources */,
			);
			runOnlyForDeploymentPostprocessing = 0;
		};
		26725A852A2255D50087E918 /* Resources */ = {
			isa = PBXResourcesBuildPhase;
			buildActionMask = 2147483647;
			files = (
			);
			runOnlyForDeploymentPostprocessing = 0;
		};
		26725A8F2A2255D50087E918 /* Resources */ = {
			isa = PBXResourcesBuildPhase;
			buildActionMask = 2147483647;
			files = (
			);
			runOnlyForDeploymentPostprocessing = 0;
		};
/* End PBXResourcesBuildPhase section */

/* Begin PBXSourcesBuildPhase section */
		26725A6A2A2255D30087E918 /* Sources */ = {
			isa = PBXSourcesBuildPhase;
			buildActionMask = 2147483647;
			files = (
				26725A7C2A2255D30087E918 /* PhotosApp.xcdatamodeld in Sources */,
				26699DDC2A23059200E5E7B4 /* TableViewCell.swift in Sources */,
				26725ABA2A2297790087E918 /* TableViewModel.swift in Sources */,
				26725AB22A227EB10087E918 /* ImageDetails.swift in Sources */,
				26725A762A2255D30087E918 /* ViewController.swift in Sources */,
				26725A722A2255D30087E918 /* AppDelegate.swift in Sources */,
				26699DE12A2321EB00E5E7B4 /* LazyImageView.swift in Sources */,
				26725AAC2A2264EC0087E918 /* TableViewController.swift in Sources */,
				26725A742A2255D30087E918 /* SceneDelegate.swift in Sources */,
			);
			runOnlyForDeploymentPostprocessing = 0;
		};
		26725A832A2255D50087E918 /* Sources */ = {
			isa = PBXSourcesBuildPhase;
			buildActionMask = 2147483647;
			files = (
				26725A8C2A2255D50087E918 /* PhotosAppTests.swift in Sources */,
			);
			runOnlyForDeploymentPostprocessing = 0;
		};
		26725A8D2A2255D50087E918 /* Sources */ = {
			isa = PBXSourcesBuildPhase;
			buildActionMask = 2147483647;
			files = (
				26725A962A2255D50087E918 /* PhotosAppUITests.swift in Sources */,
				26725A982A2255D50087E918 /* PhotosAppUITestsLaunchTests.swift in Sources */,
			);
			runOnlyForDeploymentPostprocessing = 0;
		};
/* End PBXSourcesBuildPhase section */

/* Begin PBXTargetDependency section */
		26725A892A2255D50087E918 /* PBXTargetDependency */ = {
			isa = PBXTargetDependency;
			target = 26725A6D2A2255D30087E918 /* PhotosApp */;
			targetProxy = 26725A882A2255D50087E918 /* PBXContainerItemProxy */;
		};
		26725A932A2255D50087E918 /* PBXTargetDependency */ = {
			isa = PBXTargetDependency;
			target = 26725A6D2A2255D30087E918 /* PhotosApp */;
			targetProxy = 26725A922A2255D50087E918 /* PBXContainerItemProxy */;
		};
/* End PBXTargetDependency section */

/* Begin PBXVariantGroup section */
		26725A772A2255D30087E918 /* Main.storyboard */ = {
			isa = PBXVariantGroup;
			children = (
				26725A782A2255D30087E918 /* Base */,
			);
			name = Main.storyboard;
			sourceTree = "<group>";
		};
		26725A7F2A2255D40087E918 /* LaunchScreen.storyboard */ = {
			isa = PBXVariantGroup;
			children = (
				26725A802A2255D40087E918 /* Base */,
			);
			name = LaunchScreen.storyboard;
			sourceTree = "<group>";
		};
/* End PBXVariantGroup section */

/* Begin XCBuildConfiguration section */
		26725A992A2255D50087E918 /* Debug */ = {
			isa = XCBuildConfiguration;
			buildSettings = {
				ALWAYS_SEARCH_USER_PATHS = NO;
				CLANG_ANALYZER_NONNULL = YES;
				CLANG_ANALYZER_NUMBER_OBJECT_CONVERSION = YES_AGGRESSIVE;
				CLANG_CXX_LANGUAGE_STANDARD = "gnu++20";
				CLANG_ENABLE_MODULES = YES;
				CLANG_ENABLE_OBJC_ARC = YES;
				CLANG_ENABLE_OBJC_WEAK = YES;
				CLANG_WARN_BLOCK_CAPTURE_AUTORELEASING = YES;
				CLANG_WARN_BOOL_CONVERSION = YES;
				CLANG_WARN_COMMA = YES;
				CLANG_WARN_CONSTANT_CONVERSION = YES;
				CLANG_WARN_DEPRECATED_OBJC_IMPLEMENTATIONS = YES;
				CLANG_WARN_DIRECT_OBJC_ISA_USAGE = YES_ERROR;
				CLANG_WARN_DOCUMENTATION_COMMENTS = YES;
				CLANG_WARN_EMPTY_BODY = YES;
				CLANG_WARN_ENUM_CONVERSION = YES;
				CLANG_WARN_INFINITE_RECURSION = YES;
				CLANG_WARN_INT_CONVERSION = YES;
				CLANG_WARN_NON_LITERAL_NULL_CONVERSION = YES;
				CLANG_WARN_OBJC_IMPLICIT_RETAIN_SELF = YES;
				CLANG_WARN_OBJC_LITERAL_CONVERSION = YES;
				CLANG_WARN_OBJC_ROOT_CLASS = YES_ERROR;
				CLANG_WARN_QUOTED_INCLUDE_IN_FRAMEWORK_HEADER = YES;
				CLANG_WARN_RANGE_LOOP_ANALYSIS = YES;
				CLANG_WARN_STRICT_PROTOTYPES = YES;
				CLANG_WARN_SUSPICIOUS_MOVE = YES;
				CLANG_WARN_UNGUARDED_AVAILABILITY = YES_AGGRESSIVE;
				CLANG_WARN_UNREACHABLE_CODE = YES;
				CLANG_WARN__DUPLICATE_METHOD_MATCH = YES;
				COPY_PHASE_STRIP = NO;
				DEBUG_INFORMATION_FORMAT = dwarf;
				ENABLE_STRICT_OBJC_MSGSEND = YES;
				ENABLE_TESTABILITY = YES;
				GCC_C_LANGUAGE_STANDARD = gnu11;
				GCC_DYNAMIC_NO_PIC = NO;
				GCC_NO_COMMON_BLOCKS = YES;
				GCC_OPTIMIZATION_LEVEL = 0;
				GCC_PREPROCESSOR_DEFINITIONS = (
					"DEBUG=1",
					"$(inherited)",
				);
				GCC_WARN_64_TO_32_BIT_CONVERSION = YES;
				GCC_WARN_ABOUT_RETURN_TYPE = YES_ERROR;
				GCC_WARN_UNDECLARED_SELECTOR = YES;
				GCC_WARN_UNINITIALIZED_AUTOS = YES_AGGRESSIVE;
				GCC_WARN_UNUSED_FUNCTION = YES;
				GCC_WARN_UNUSED_VARIABLE = YES;
				IPHONEOS_DEPLOYMENT_TARGET = 12.0;
				MTL_ENABLE_DEBUG_INFO = INCLUDE_SOURCE;
				MTL_FAST_MATH = YES;
				ONLY_ACTIVE_ARCH = YES;
				SDKROOT = iphoneos;
				SWIFT_ACTIVE_COMPILATION_CONDITIONS = DEBUG;
				SWIFT_OPTIMIZATION_LEVEL = "-Onone";
			};
			name = Debug;
		};
		26725A9A2A2255D50087E918 /* Release */ = {
			isa = XCBuildConfiguration;
			buildSettings = {
				ALWAYS_SEARCH_USER_PATHS = NO;
				CLANG_ANALYZER_NONNULL = YES;
				CLANG_ANALYZER_NUMBER_OBJECT_CONVERSION = YES_AGGRESSIVE;
				CLANG_CXX_LANGUAGE_STANDARD = "gnu++20";
				CLANG_ENABLE_MODULES = YES;
				CLANG_ENABLE_OBJC_ARC = YES;
				CLANG_ENABLE_OBJC_WEAK = YES;
				CLANG_WARN_BLOCK_CAPTURE_AUTORELEASING = YES;
				CLANG_WARN_BOOL_CONVERSION = YES;
				CLANG_WARN_COMMA = YES;
				CLANG_WARN_CONSTANT_CONVERSION = YES;
				CLANG_WARN_DEPRECATED_OBJC_IMPLEMENTATIONS = YES;
				CLANG_WARN_DIRECT_OBJC_ISA_USAGE = YES_ERROR;
				CLANG_WARN_DOCUMENTATION_COMMENTS = YES;
				CLANG_WARN_EMPTY_BODY = YES;
				CLANG_WARN_ENUM_CONVERSION = YES;
				CLANG_WARN_INFINITE_RECURSION = YES;
				CLANG_WARN_INT_CONVERSION = YES;
				CLANG_WARN_NON_LITERAL_NULL_CONVERSION = YES;
				CLANG_WARN_OBJC_IMPLICIT_RETAIN_SELF = YES;
				CLANG_WARN_OBJC_LITERAL_CONVERSION = YES;
				CLANG_WARN_OBJC_ROOT_CLASS = YES_ERROR;
				CLANG_WARN_QUOTED_INCLUDE_IN_FRAMEWORK_HEADER = YES;
				CLANG_WARN_RANGE_LOOP_ANALYSIS = YES;
				CLANG_WARN_STRICT_PROTOTYPES = YES;
				CLANG_WARN_SUSPICIOUS_MOVE = YES;
				CLANG_WARN_UNGUARDED_AVAILABILITY = YES_AGGRESSIVE;
				CLANG_WARN_UNREACHABLE_CODE = YES;
				CLANG_WARN__DUPLICATE_METHOD_MATCH = YES;
				COPY_PHASE_STRIP = NO;
				DEBUG_INFORMATION_FORMAT = "dwarf-with-dsym";
				ENABLE_NS_ASSERTIONS = NO;
				ENABLE_STRICT_OBJC_MSGSEND = YES;
				GCC_C_LANGUAGE_STANDARD = gnu11;
				GCC_NO_COMMON_BLOCKS = YES;
				GCC_WARN_64_TO_32_BIT_CONVERSION = YES;
				GCC_WARN_ABOUT_RETURN_TYPE = YES_ERROR;
				GCC_WARN_UNDECLARED_SELECTOR = YES;
				GCC_WARN_UNINITIALIZED_AUTOS = YES_AGGRESSIVE;
				GCC_WARN_UNUSED_FUNCTION = YES;
				GCC_WARN_UNUSED_VARIABLE = YES;
				IPHONEOS_DEPLOYMENT_TARGET = 12.0;
				MTL_ENABLE_DEBUG_INFO = NO;
				MTL_FAST_MATH = YES;
				SDKROOT = iphoneos;
				SWIFT_COMPILATION_MODE = wholemodule;
				SWIFT_OPTIMIZATION_LEVEL = "-O";
				VALIDATE_PRODUCT = YES;
			};
			name = Release;
		};
		26725A9C2A2255D50087E918 /* Debug */ = {
			isa = XCBuildConfiguration;
			buildSettings = {
				ASSETCATALOG_COMPILER_APPICON_NAME = AppIcon;
				ASSETCATALOG_COMPILER_GLOBAL_ACCENT_COLOR_NAME = AccentColor;
				CODE_SIGN_STYLE = Automatic;
				CURRENT_PROJECT_VERSION = 1;
				DEVELOPMENT_TEAM = Z8K5YA63MZ;
				GENERATE_INFOPLIST_FILE = YES;
				INFOPLIST_FILE = PhotosApp/Info.plist;
				INFOPLIST_KEY_UIApplicationSupportsIndirectInputEvents = YES;
				INFOPLIST_KEY_UILaunchStoryboardName = LaunchScreen;
				INFOPLIST_KEY_UIMainStoryboardFile = Main;
				INFOPLIST_KEY_UISupportedInterfaceOrientations_iPad = "UIInterfaceOrientationPortrait UIInterfaceOrientationPortraitUpsideDown UIInterfaceOrientationLandscapeLeft UIInterfaceOrientationLandscapeRight";
				INFOPLIST_KEY_UISupportedInterfaceOrientations_iPhone = "UIInterfaceOrientationPortrait UIInterfaceOrientationLandscapeLeft UIInterfaceOrientationLandscapeRight";
				LD_RUNPATH_SEARCH_PATHS = (
					"$(inherited)",
					"@executable_path/Frameworks",
				);
				MARKETING_VERSION = 1.0;
				PRODUCT_BUNDLE_IDENTIFIER = "Rajesab-N-Y.PhotosApp";
				PRODUCT_NAME = "$(TARGET_NAME)";
				SWIFT_EMIT_LOC_STRINGS = YES;
				SWIFT_VERSION = 5.0;
				TARGETED_DEVICE_FAMILY = "1,2";
			};
			name = Debug;
		};
		26725A9D2A2255D50087E918 /* Release */ = {
			isa = XCBuildConfiguration;
			buildSettings = {
				ASSETCATALOG_COMPILER_APPICON_NAME = AppIcon;
				ASSETCATALOG_COMPILER_GLOBAL_ACCENT_COLOR_NAME = AccentColor;
				CODE_SIGN_STYLE = Automatic;
				CURRENT_PROJECT_VERSION = 1;
				DEVELOPMENT_TEAM = Z8K5YA63MZ;
				GENERATE_INFOPLIST_FILE = YES;
				INFOPLIST_FILE = PhotosApp/Info.plist;
				INFOPLIST_KEY_UIApplicationSupportsIndirectInputEvents = YES;
				INFOPLIST_KEY_UILaunchStoryboardName = LaunchScreen;
				INFOPLIST_KEY_UIMainStoryboardFile = Main;
				INFOPLIST_KEY_UISupportedInterfaceOrientations_iPad = "UIInterfaceOrientationPortrait UIInterfaceOrientationPortraitUpsideDown UIInterfaceOrientationLandscapeLeft UIInterfaceOrientationLandscapeRight";
				INFOPLIST_KEY_UISupportedInterfaceOrientations_iPhone = "UIInterfaceOrientationPortrait UIInterfaceOrientationLandscapeLeft UIInterfaceOrientationLandscapeRight";
				LD_RUNPATH_SEARCH_PATHS = (
					"$(inherited)",
					"@executable_path/Frameworks",
				);
				MARKETING_VERSION = 1.0;
				PRODUCT_BUNDLE_IDENTIFIER = "Rajesab-N-Y.PhotosApp";
				PRODUCT_NAME = "$(TARGET_NAME)";
				SWIFT_EMIT_LOC_STRINGS = YES;
				SWIFT_VERSION = 5.0;
				TARGETED_DEVICE_FAMILY = "1,2";
			};
			name = Release;
		};
		26725A9F2A2255D50087E918 /* Debug */ = {
			isa = XCBuildConfiguration;
			buildSettings = {
				ALWAYS_EMBED_SWIFT_STANDARD_LIBRARIES = YES;
				BUNDLE_LOADER = "$(TEST_HOST)";
				CODE_SIGN_STYLE = Automatic;
				CURRENT_PROJECT_VERSION = 1;
				DEVELOPMENT_TEAM = Z8K5YA63MZ;
				GENERATE_INFOPLIST_FILE = YES;
				IPHONEOS_DEPLOYMENT_TARGET = 12.0;
				MARKETING_VERSION = 1.0;
				PRODUCT_BUNDLE_IDENTIFIER = "Rajesab-N-Y.PhotosAppTests";
				PRODUCT_NAME = "$(TARGET_NAME)";
				SWIFT_EMIT_LOC_STRINGS = NO;
				SWIFT_VERSION = 5.0;
				TARGETED_DEVICE_FAMILY = "1,2";
				TEST_HOST = "$(BUILT_PRODUCTS_DIR)/PhotosApp.app/$(BUNDLE_EXECUTABLE_FOLDER_PATH)/PhotosApp";
			};
			name = Debug;
		};
		26725AA02A2255D50087E918 /* Release */ = {
			isa = XCBuildConfiguration;
			buildSettings = {
				ALWAYS_EMBED_SWIFT_STANDARD_LIBRARIES = YES;
				BUNDLE_LOADER = "$(TEST_HOST)";
				CODE_SIGN_STYLE = Automatic;
				CURRENT_PROJECT_VERSION = 1;
				DEVELOPMENT_TEAM = Z8K5YA63MZ;
				GENERATE_INFOPLIST_FILE = YES;
				IPHONEOS_DEPLOYMENT_TARGET = 12.0;
				MARKETING_VERSION = 1.0;
				PRODUCT_BUNDLE_IDENTIFIER = "Rajesab-N-Y.PhotosAppTests";
				PRODUCT_NAME = "$(TARGET_NAME)";
				SWIFT_EMIT_LOC_STRINGS = NO;
				SWIFT_VERSION = 5.0;
				TARGETED_DEVICE_FAMILY = "1,2";
				TEST_HOST = "$(BUILT_PRODUCTS_DIR)/PhotosApp.app/$(BUNDLE_EXECUTABLE_FOLDER_PATH)/PhotosApp";
			};
			name = Release;
		};
		26725AA22A2255D50087E918 /* Debug */ = {
			isa = XCBuildConfiguration;
			buildSettings = {
				ALWAYS_EMBED_SWIFT_STANDARD_LIBRARIES = YES;
				CODE_SIGN_STYLE = Automatic;
				CURRENT_PROJECT_VERSION = 1;
				DEVELOPMENT_TEAM = Z8K5YA63MZ;
				GENERATE_INFOPLIST_FILE = YES;
				MARKETING_VERSION = 1.0;
				PRODUCT_BUNDLE_IDENTIFIER = "Rajesab-N-Y.PhotosAppUITests";
				PRODUCT_NAME = "$(TARGET_NAME)";
				SWIFT_EMIT_LOC_STRINGS = NO;
				SWIFT_VERSION = 5.0;
				TARGETED_DEVICE_FAMILY = "1,2";
				TEST_TARGET_NAME = PhotosApp;
			};
			name = Debug;
		};
		26725AA32A2255D50087E918 /* Release */ = {
			isa = XCBuildConfiguration;
			buildSettings = {
				ALWAYS_EMBED_SWIFT_STANDARD_LIBRARIES = YES;
				CODE_SIGN_STYLE = Automatic;
				CURRENT_PROJECT_VERSION = 1;
				DEVELOPMENT_TEAM = Z8K5YA63MZ;
				GENERATE_INFOPLIST_FILE = YES;
				MARKETING_VERSION = 1.0;
				PRODUCT_BUNDLE_IDENTIFIER = "Rajesab-N-Y.PhotosAppUITests";
				PRODUCT_NAME = "$(TARGET_NAME)";
				SWIFT_EMIT_LOC_STRINGS = NO;
				SWIFT_VERSION = 5.0;
				TARGETED_DEVICE_FAMILY = "1,2";
				TEST_TARGET_NAME = PhotosApp;
			};
			name = Release;
		};
/* End XCBuildConfiguration section */

/* Begin XCConfigurationList section */
		26725A692A2255D30087E918 /* Build configuration list for PBXProject "PhotosApp" */ = {
			isa = XCConfigurationList;
			buildConfigurations = (
				26725A992A2255D50087E918 /* Debug */,
				26725A9A2A2255D50087E918 /* Release */,
			);
			defaultConfigurationIsVisible = 0;
			defaultConfigurationName = Release;
		};
		26725A9B2A2255D50087E918 /* Build configuration list for PBXNativeTarget "PhotosApp" */ = {
			isa = XCConfigurationList;
			buildConfigurations = (
				26725A9C2A2255D50087E918 /* Debug */,
				26725A9D2A2255D50087E918 /* Release */,
			);
			defaultConfigurationIsVisible = 0;
			defaultConfigurationName = Release;
		};
		26725A9E2A2255D50087E918 /* Build configuration list for PBXNativeTarget "PhotosAppTests" */ = {
			isa = XCConfigurationList;
			buildConfigurations = (
				26725A9F2A2255D50087E918 /* Debug */,
				26725AA02A2255D50087E918 /* Release */,
			);
			defaultConfigurationIsVisible = 0;
			defaultConfigurationName = Release;
		};
		26725AA12A2255D50087E918 /* Build configuration list for PBXNativeTarget "PhotosAppUITests" */ = {
			isa = XCConfigurationList;
			buildConfigurations = (
				26725AA22A2255D50087E918 /* Debug */,
				26725AA32A2255D50087E918 /* Release */,
			);
			defaultConfigurationIsVisible = 0;
			defaultConfigurationName = Release;
		};
/* End XCConfigurationList section */

/* Begin XCVersionGroup section */
		26725A7A2A2255D30087E918 /* PhotosApp.xcdatamodeld */ = {
			isa = XCVersionGroup;
			children = (
				26725A7B2A2255D30087E918 /* PhotosApp.xcdatamodel */,
			);
			currentVersion = 26725A7B2A2255D30087E918 /* PhotosApp.xcdatamodel */;
			path = PhotosApp.xcdatamodeld;
			sourceTree = "<group>";
			versionGroupType = wrapper.xcdatamodel;
		};
/* End XCVersionGroup section */
	};
	rootObject = 26725A662A2255D30087E918 /* Project object */;
}
